
Microsoft Visual Studio Solution File, Format Version 12.00
# Visual Studio Version 16
VisualStudioVersion = 16.0.31624.102
MinimumVisualStudioVersion = 10.0.40219.1
Project("{FAE04EC0-301F-11D3-BF4B-00C04F79EFBC}") = "UserData", "UserData\UserData.csproj", "{7ECB2C72-0B2A-4E52-8704-3702C1A63496}"
EndProject
Project("{FAE04EC0-301F-11D3-BF4B-00C04F79EFBC}") = "UserAge", "UserAge\UserAge.csproj", "{ED448522-B406-4BB4-BD3B-90C8984B97E5}"
EndProject
Project("{FAE04EC0-301F-11D3-BF4B-00C04F79EFBC}") = "InstagramAgeCheck", "InstagramAgeCheck\InstagramAgeCheck.csproj", "{1EE9B431-A94F-430B-B941-C3B76EBB11C7}"
EndProject
Project("{FAE04EC0-301F-11D3-BF4B-00C04F79EFBC}") = "DrivingLisence", "DrivingLisence\DrivingLisence.csproj", "{C3B393C5-2A41-46DD-BA29-635617F5C48C}"
EndProject
Global
	GlobalSection(SolutionConfigurationPlatforms) = preSolution
		Debug|Any CPU = Debug|Any CPU
		Release|Any CPU = Release|Any CPU
	EndGlobalSection
	GlobalSection(ProjectConfigurationPlatforms) = postSolution
		{7ECB2C72-0B2A-4E52-8704-3702C1A63496}.Debug|Any CPU.ActiveCfg = Debug|Any CPU
		{7ECB2C72-0B2A-4E52-8704-3702C1A63496}.Debug|Any CPU.Build.0 = Debug|Any CPU
		{7ECB2C72-0B2A-4E52-8704-3702C1A63496}.Release|Any CPU.ActiveCfg = Release|Any CPU
		{7ECB2C72-0B2A-4E52-8704-3702C1A63496}.Release|Any CPU.Build.0 = Release|Any CPU
		{ED448522-B406-4BB4-BD3B-90C8984B97E5}.Debug|Any CPU.ActiveCfg = Debug|Any CPU
		{ED448522-B406-4BB4-BD3B-90C8984B97E5}.Debug|Any CPU.Build.0 = Debug|Any CPU
		{ED448522-B406-4BB4-BD3B-90C8984B97E5}.Release|Any CPU.ActiveCfg = Release|Any CPU
		{ED448522-B406-4BB4-BD3B-90C8984B97E5}.Release|Any CPU.Build.0 = Release|Any CPU
		{1EE9B431-A94F-430B-B941-C3B76EBB11C7}.Debug|Any CPU.ActiveCfg = Debug|Any CPU
		{1EE9B431-A94F-430B-B941-C3B76EBB11C7}.Debug|Any CPU.Build.0 = Debug|Any CPU
		{1EE9B431-A94F-430B-B941-C3B76EBB11C7}.Release|Any CPU.ActiveCfg = Release|Any CPU
		{1EE9B431-A94F-430B-B941-C3B76EBB11C7}.Release|Any CPU.Build.0 = Release|Any CPU
		{C3B393C5-2A41-46DD-BA29-635617F5C48C}.Debug|Any CPU.ActiveCfg = Debug|Any CPU
		{C3B393C5-2A41-46DD-BA29-635617F5C48C}.Debug|Any CPU.Build.0 = Debug|Any CPU
		{C3B393C5-2A41-46DD-BA29-635617F5C48C}.Release|Any CPU.ActiveCfg = Release|Any CPU
		{C3B393C5-2A41-46DD-BA29-635617F5C48C}.Release|Any CPU.Build.0 = Release|Any CPU
	EndGlobalSection
	GlobalSection(SolutionProperties) = preSolution
		HideSolutionNode = FALSE
	EndGlobalSection
	GlobalSection(ExtensibilityGlobals) = postSolution
		SolutionGuid = {5BA28614-523B-4174-835B-9C2E2CC8A46F}
	EndGlobalSection
EndGlobal
